
Microsoft Visual Studio Solution File, Format Version 12.00
# Visual Studio 15
VisualStudioVersion = 15.0.27703.2042
MinimumVisualStudioVersion = 10.0.40219.1
Project("{FAE04EC0-301F-11D3-BF4B-00C04F79EFBC}") = "Medidata.ZipkinTracer.Core", "src\Medidata.ZipkinTracer.Core\Medidata.ZipkinTracer.Core.csproj", "{EB432891-204B-4B97-BFB1-A820E424284E}"
EndProject
Project("{2150E333-8FDC-42A3-9474-1A3956D46DE8}") = ".nuget", ".nuget", "{ACDBD61A-453C-4AA4-97FB-CD1520DD1D16}"
	ProjectSection(SolutionItems) = preProject
		.nuget\NuGet.Config = .nuget\NuGet.Config
		.nuget\NuGet.exe = .nuget\NuGet.exe
		.nuget\NuGet.targets = .nuget\NuGet.targets
		.nuget\packages.config = .nuget\packages.config
	EndProjectSection
EndProject
Project("{FAE04EC0-301F-11D3-BF4B-00C04F79EFBC}") = "Medidata.ZipkinTracer.Core.Test", "tests\Medidata.ZipkinTracer.Core.Test\Medidata.ZipkinTracer.Core.Test.csproj", "{0158C8BD-D881-4EE8-A8C6-54707A67A00D}"
EndProject
Project("{2150E333-8FDC-42A3-9474-1A3956D46DE8}") = "Solution Items", "Solution Items", "{7CF24590-AC06-44E4-AF93-88A9B2CD1264}"
	ProjectSection(SolutionItems) = preProject
		README.md = README.md
	EndProjectSection
EndProject
Project("{2150E333-8FDC-42A3-9474-1A3956D46DE8}") = "src", "src", "{1DBC9249-34EA-4858-9BC2-14A11B3F91AB}"
EndProject
Project("{2150E333-8FDC-42A3-9474-1A3956D46DE8}") = "tests", "tests", "{B3F4AFF7-B5A4-4EE1-B799-7C399AC7FDAF}"
EndProject
Project("{FAE04EC0-301F-11D3-BF4B-00C04F79EFBC}") = "Medidata.ZipkinTracer.HttpModule", "src\Medidata.ZipkinTracer.HttpModule\Medidata.ZipkinTracer.HttpModule.csproj", "{C3EBEDAC-78A7-4337-BDF6-2A6BCFFA322C}"
EndProject
Project("{FAE04EC0-301F-11D3-BF4B-00C04F79EFBC}") = "Medidata.ZipkinTracer.HttpModule.Tests", "tests\Medidata.ZipkinTracer.HttpModule.Tests\Medidata.ZipkinTracer.HttpModule.Tests.csproj", "{69E81EE1-534F-4905-A9F1-3923D54EA1A5}"
EndProject
Global
	GlobalSection(SolutionConfigurationPlatforms) = preSolution
		Debug|Any CPU = Debug|Any CPU
		Release|Any CPU = Release|Any CPU
	EndGlobalSection
	GlobalSection(ProjectConfigurationPlatforms) = postSolution
		{EB432891-204B-4B97-BFB1-A820E424284E}.Debug|Any CPU.ActiveCfg = Debug|Any CPU
		{EB432891-204B-4B97-BFB1-A820E424284E}.Debug|Any CPU.Build.0 = Debug|Any CPU
		{EB432891-204B-4B97-BFB1-A820E424284E}.Release|Any CPU.ActiveCfg = Release|Any CPU
		{EB432891-204B-4B97-BFB1-A820E424284E}.Release|Any CPU.Build.0 = Release|Any CPU
		{0158C8BD-D881-4EE8-A8C6-54707A67A00D}.Debug|Any CPU.ActiveCfg = Debug|Any CPU
		{0158C8BD-D881-4EE8-A8C6-54707A67A00D}.Debug|Any CPU.Build.0 = Debug|Any CPU
		{0158C8BD-D881-4EE8-A8C6-54707A67A00D}.Release|Any CPU.ActiveCfg = Release|Any CPU
		{0158C8BD-D881-4EE8-A8C6-54707A67A00D}.Release|Any CPU.Build.0 = Release|Any CPU
		{C3EBEDAC-78A7-4337-BDF6-2A6BCFFA322C}.Debug|Any CPU.ActiveCfg = Debug|Any CPU
		{C3EBEDAC-78A7-4337-BDF6-2A6BCFFA322C}.Debug|Any CPU.Build.0 = Debug|Any CPU
		{C3EBEDAC-78A7-4337-BDF6-2A6BCFFA322C}.Release|Any CPU.ActiveCfg = Release|Any CPU
		{C3EBEDAC-78A7-4337-BDF6-2A6BCFFA322C}.Release|Any CPU.Build.0 = Release|Any CPU
		{69E81EE1-534F-4905-A9F1-3923D54EA1A5}.Debug|Any CPU.ActiveCfg = Debug|Any CPU
		{69E81EE1-534F-4905-A9F1-3923D54EA1A5}.Debug|Any CPU.Build.0 = Debug|Any CPU
		{69E81EE1-534F-4905-A9F1-3923D54EA1A5}.Release|Any CPU.ActiveCfg = Release|Any CPU
		{69E81EE1-534F-4905-A9F1-3923D54EA1A5}.Release|Any CPU.Build.0 = Release|Any CPU
	EndGlobalSection
	GlobalSection(SolutionProperties) = preSolution
		HideSolutionNode = FALSE
	EndGlobalSection
	GlobalSection(NestedProjects) = preSolution
		{EB432891-204B-4B97-BFB1-A820E424284E} = {1DBC9249-34EA-4858-9BC2-14A11B3F91AB}
		{0158C8BD-D881-4EE8-A8C6-54707A67A00D} = {B3F4AFF7-B5A4-4EE1-B799-7C399AC7FDAF}
		{C3EBEDAC-78A7-4337-BDF6-2A6BCFFA322C} = {1DBC9249-34EA-4858-9BC2-14A11B3F91AB}
		{69E81EE1-534F-4905-A9F1-3923D54EA1A5} = {B3F4AFF7-B5A4-4EE1-B799-7C399AC7FDAF}
	EndGlobalSection
	GlobalSection(ExtensibilityGlobals) = postSolution
		SolutionGuid = {2D5C99DD-708A-4A93-A1F5-F83E5EE5DB59}
	EndGlobalSection
EndGlobal
